{
  "version": 4,
  "terraform_version": "0.14.2",
  "serial": 15,
  "lineage": "4a670fbb-5397-c7b9-28c4-09bf13d09cdb",
  "outputs": {},
  "resources": [
    {
      "mode": "managed",
      "type": "proxmox_lxc",
      "name": "service-keycloak",
      "provider": "provider[\"registry.terraform.io/telmate/proxmox\"]",
      "instances": [
        {
          "schema_version": 0,
          "attributes": {
            "arch": "amd64",
            "bwlimit": 0,
            "cmode": "tty",
            "console": true,
            "cores": 0,
            "cpulimit": 0,
            "cpuunits": 1024,
            "description": "",
            "features": [
              {
                "fuse": false,
                "keyctl": false,
                "mount": "",
                "nesting": true
              }
            ],
            "force": false,
            "hookscript": "",
            "hostname": "service-keycloak",
            "id": "hulk/lxc/100",
            "ignore_unpack_errors": false,
            "lock": "",
            "memory": 1024,
            "mountpoint": [],
            "nameserver": "",
            "network": [
              {
                "bridge": "vmbr0",
                "firewall": false,
                "gw": "",
                "gw6": "",
                "hwaddr": "2E:24:49:4C:00:ED",
                "ip": "dhcp",
                "ip6": "dhcp",
                "mtu": "",
                "name": "eno2",
                "rate": 0,
                "tag": 0,
                "trunks": "",
                "type": "veth"
              }
            ],
            "onboot": true,
            "ostemplate": "cephfs:vztmpl/ubuntu-20.04-standard_20.04-1_amd64.tar.gz",
            "ostype": "ubuntu",
            "password": "P@ssw0rd",
            "pool": "",
            "protection": false,
            "restore": false,
            "rootfs": [
              {
                "size": "16G",
                "storage": "pool",
                "volume": "pool:vm-100-disk-0"
              }
            ],
            "searchdomain": "",
            "ssh_public_keys": "ssh-rsa AAAAB3NzaC1yc2EAAAADAQABAAACAQCcPfgyf9Q+yhR2hATV/RA2ukL6WbfV8ys/Lij8BLCL+HfaosjbI5NVLHaqoiDL9P4Am5pnlyj5s0GfsaX/OeHQwe6YhC1bkgpJSEI+gRdoGtzK3YlPBIV+QvK5fQRLCu4ADz6VxcpAIC/PxBa4mkaj5M/uO6veicXgyXJVewo+XR6Z1QXAdR12agt44GENcUVC+/RGShhAkJ6YBylZ34tk0ZtKmFMslxMB6+xF8J+t+vKr7yrg8Vha/J0gR/Feu4qDUBCcAU/PgTdU40vCvdmlFJ/8Yb4UuSa5aNeS0eeSo8mXBjYH62iNSvSwm9plE0nDZuqPMscjA8OAZgg/Klnco2Ky6bmDzr7fe4zL6vsh3LlgwCsQe3mE2e1lD7pvamprv0YCHUz1aaUzfvrD6hiuygb6BrCYJI+FEgDb7zB0G7y53uu04t4K7HSckfDHiyAoUKaiSiFXwgdpKxjDq9Tl/E1YowJk0JCVk6pwDRhIRaY66qnKzxCWBmpZdH9NZOOvcKw4rB8c0GdeXEcfXw47Uhv9ClM2cMu2bJAOmyAJpS7PpwXZMc63SNL8Q/ewK7D29HanX/E/2boYW6hpP4L2N7+cziIUnzh6apbnpEt/XtxFfDaBZh1rwBOpZKkLAnC99e8UEqfEFXvZvfy9dS3oLJ1KCauVVR5knh8ry0E8jQ==",
            "start": true,
            "startup": "",
            "swap": 512,
            "target_node": "hulk",
            "template": false,
            "tty": 2,
            "unique": false,
            "unprivileged": true,
            "unused": [],
            "vmid": 0
          },
          "sensitive_attributes": [],
          "private": "bnVsbA=="
        }
      ]
    }
  ]
}
