{
  "version": 4,
  "terraform_version": "0.14.2",
  "serial": 11,
  "lineage": "ac38cd03-5f80-a844-bd7d-25a73c625bbb",
  "outputs": {},
  "resources": [
    {
      "mode": "managed",
      "type": "proxmox_vm_qemu",
      "name": "vm-docker",
      "provider": "provider[\"registry.terraform.io/telmate/proxmox\"]",
      "instances": [
        {
          "index_key": "hulk",
          "schema_version": 0,
          "attributes": {
            "agent": 0,
            "balloon": 0,
            "bios": "seabios",
            "boot": "cdn",
            "bootdisk": "scsi0",
            "bridge": "",
            "ci_wait": null,
            "cicustom": "",
            "cipassword": "U72^758$YMz6K$pS7*rgzHj#s^",
            "ciuser": "dockeradmin",
            "clone": "docker-template",
            "clone_wait": 15,
            "cores": 2,
            "cpu": "host",
            "define_connection_info": true,
            "desc": "",
            "disk": [
              {
                "backup": false,
                "cache": "none",
                "discard": "",
                "file": "vm-100-disk-1",
                "format": "",
                "iothread": false,
                "mbps": 0,
                "mbps_rd": 0,
                "mbps_rd_max": 0,
                "mbps_wr": 0,
                "mbps_wr_max": 0,
                "media": "",
                "replicate": false,
                "size": "100G",
                "slot": 0,
                "ssd": false,
                "storage": "pool",
                "type": "scsi",
                "volume": "pool:vm-100-disk-1"
              }
            ],
            "disk_gb": 0,
            "force_create": false,
            "force_recreate_on_change_of": null,
            "full_clone": true,
            "hastate": "",
            "hotplug": "network,disk,usb",
            "id": "hulk/qemu/100",
            "ipconfig0": "ip=dhcp",
            "ipconfig1": "",
            "ipconfig2": "",
            "iso": null,
            "kvm": true,
            "mac": "",
            "memory": 4096,
            "name": "docker-hulk",
            "nameserver": "",
            "network": [
              {
                "bridge": "vmbr0",
                "firewall": false,
                "link_down": false,
                "macaddr": "06:46:94:64:8F:57",
                "model": "virtio",
                "queues": 0,
                "rate": 0,
                "tag": -1
              }
            ],
            "nic": "",
            "numa": false,
            "onboot": true,
            "os_network_config": null,
            "os_type": "cloud-init",
            "pool": "",
            "preprovision": true,
            "qemu_os": "other",
            "scsihw": "virtio-scsi-pci",
            "searchdomain": "",
            "serial": [],
            "sockets": 1,
            "ssh_forward_ip": null,
            "ssh_host": "",
            "ssh_port": "22",
            "ssh_private_key": null,
            "ssh_user": null,
            "sshkeys": "    ssh-rsa AAAAB3NzaC1yc2EAAAADAQABAAACAQCcPfgyf9Q+yhR2hATV/RA2ukL6WbfV8ys/Lij8BLCL+HfaosjbI5NVLHaqoiDL9P4Am5pnlyj5s0GfsaX/OeHQwe6YhC1bkgpJSEI+gRdoGtzK3YlPBIV+QvK5fQRLCu4ADz6VxcpAIC/PxBa4mkaj5M/uO6veicXgyXJVewo+XR6Z1QXAdR12agt44GENcUVC+/RGShhAkJ6YBylZ34tk0ZtKmFMslxMB6+xF8J+t+vKr7yrg8Vha/J0gR/Feu4qDUBCcAU/PgTdU40vCvdmlFJ/8Yb4UuSa5aNeS0eeSo8mXBjYH62iNSvSwm9plE0nDZuqPMscjA8OAZgg/Klnco2Ky6bmDzr7fe4zL6vsh3LlgwCsQe3mE2e1lD7pvamprv0YCHUz1aaUzfvrD6hiuygb6BrCYJI+FEgDb7zB0G7y53uu04t4K7HSckfDHiyAoUKaiSiFXwgdpKxjDq9Tl/E1YowJk0JCVk6pwDRhIRaY66qnKzxCWBmpZdH9NZOOvcKw4rB8c0GdeXEcfXw47Uhv9ClM2cMu2bJAOmyAJpS7PpwXZMc63SNL8Q/ewK7D29HanX/E/2boYW6hpP4L2N7+cziIUnzh6apbnpEt/XtxFfDaBZh1rwBOpZKkLAnC99e8UEqfEFXvZvfy9dS3oLJ1KCauVVR5knh8ry0E8jQ==\n\n",
            "storage": "",
            "storage_type": "",
            "target_node": "hulk",
            "unused_disk": [
              {
                "file": "vm-100-disk-0",
                "slot": 0,
                "storage": "pool"
              }
            ],
            "vcpus": 0,
            "vga": [],
            "vlan": -1,
            "vmid": null
          },
          "sensitive_attributes": [
            [
              {
                "type": "get_attr",
                "value": "sshkeys"
              }
            ],
            [
              {
                "type": "get_attr",
                "value": "cipassword"
              }
            ]
          ],
          "private": "bnVsbA=="
        },
        {
          "index_key": "ironman",
          "schema_version": 0,
          "attributes": {
            "agent": 0,
            "balloon": 0,
            "bios": "seabios",
            "boot": "cdn",
            "bootdisk": "scsi0",
            "bridge": "",
            "ci_wait": null,
            "cicustom": "",
            "cipassword": "U72^758$YMz6K$pS7*rgzHj#s^",
            "ciuser": "dockeradmin",
            "clone": "docker-template",
            "clone_wait": 15,
            "cores": 2,
            "cpu": "host",
            "define_connection_info": true,
            "desc": "",
            "disk": [
              {
                "backup": false,
                "cache": "none",
                "discard": "",
                "file": "vm-101-disk-0",
                "format": "",
                "iothread": false,
                "mbps": 0,
                "mbps_rd": 0,
                "mbps_rd_max": 0,
                "mbps_wr": 0,
                "mbps_wr_max": 0,
                "media": "",
                "replicate": false,
                "size": "100G",
                "slot": 0,
                "ssd": false,
                "storage": "pool",
                "type": "scsi",
                "volume": "pool:vm-101-disk-0"
              }
            ],
            "disk_gb": 0,
            "force_create": false,
            "force_recreate_on_change_of": null,
            "full_clone": true,
            "hastate": "",
            "hotplug": "network,disk,usb",
            "id": "ironman/qemu/101",
            "ipconfig0": "ip=dhcp",
            "ipconfig1": "",
            "ipconfig2": "",
            "iso": null,
            "kvm": true,
            "mac": "",
            "memory": 4096,
            "name": "docker-ironman",
            "nameserver": "",
            "network": [
              {
                "bridge": "vmbr0",
                "firewall": false,
                "link_down": false,
                "macaddr": "32:7A:CA:0F:AD:0C",
                "model": "virtio",
                "queues": 0,
                "rate": 0,
                "tag": -1
              }
            ],
            "nic": "",
            "numa": false,
            "onboot": true,
            "os_network_config": null,
            "os_type": "cloud-init",
            "pool": "",
            "preprovision": true,
            "qemu_os": "other",
            "scsihw": "virtio-scsi-pci",
            "searchdomain": "",
            "serial": [],
            "sockets": 1,
            "ssh_forward_ip": null,
            "ssh_host": "",
            "ssh_port": "22",
            "ssh_private_key": null,
            "ssh_user": null,
            "sshkeys": "    ssh-rsa AAAAB3NzaC1yc2EAAAADAQABAAACAQCcPfgyf9Q+yhR2hATV/RA2ukL6WbfV8ys/Lij8BLCL+HfaosjbI5NVLHaqoiDL9P4Am5pnlyj5s0GfsaX/OeHQwe6YhC1bkgpJSEI+gRdoGtzK3YlPBIV+QvK5fQRLCu4ADz6VxcpAIC/PxBa4mkaj5M/uO6veicXgyXJVewo+XR6Z1QXAdR12agt44GENcUVC+/RGShhAkJ6YBylZ34tk0ZtKmFMslxMB6+xF8J+t+vKr7yrg8Vha/J0gR/Feu4qDUBCcAU/PgTdU40vCvdmlFJ/8Yb4UuSa5aNeS0eeSo8mXBjYH62iNSvSwm9plE0nDZuqPMscjA8OAZgg/Klnco2Ky6bmDzr7fe4zL6vsh3LlgwCsQe3mE2e1lD7pvamprv0YCHUz1aaUzfvrD6hiuygb6BrCYJI+FEgDb7zB0G7y53uu04t4K7HSckfDHiyAoUKaiSiFXwgdpKxjDq9Tl/E1YowJk0JCVk6pwDRhIRaY66qnKzxCWBmpZdH9NZOOvcKw4rB8c0GdeXEcfXw47Uhv9ClM2cMu2bJAOmyAJpS7PpwXZMc63SNL8Q/ewK7D29HanX/E/2boYW6hpP4L2N7+cziIUnzh6apbnpEt/XtxFfDaBZh1rwBOpZKkLAnC99e8UEqfEFXvZvfy9dS3oLJ1KCauVVR5knh8ry0E8jQ==\n\n",
            "storage": "",
            "storage_type": "",
            "target_node": "ironman",
            "unused_disk": [],
            "vcpus": 0,
            "vga": [],
            "vlan": -1,
            "vmid": null
          },
          "sensitive_attributes": [
            [
              {
                "type": "get_attr",
                "value": "sshkeys"
              }
            ],
            [
              {
                "type": "get_attr",
                "value": "cipassword"
              }
            ]
          ],
          "private": "bnVsbA=="
        },
        {
          "index_key": "thor",
          "schema_version": 0,
          "attributes": {
            "agent": 0,
            "balloon": 0,
            "bios": "seabios",
            "boot": "cdn",
            "bootdisk": "scsi0",
            "bridge": "",
            "ci_wait": null,
            "cicustom": "",
            "cipassword": "U72^758$YMz6K$pS7*rgzHj#s^",
            "ciuser": "dockeradmin",
            "clone": "docker-template",
            "clone_wait": 15,
            "cores": 2,
            "cpu": "host",
            "define_connection_info": true,
            "desc": "",
            "disk": [
              {
                "backup": false,
                "cache": "none",
                "discard": "",
                "file": "vm-102-disk-0",
                "format": "",
                "iothread": false,
                "mbps": 0,
                "mbps_rd": 0,
                "mbps_rd_max": 0,
                "mbps_wr": 0,
                "mbps_wr_max": 0,
                "media": "",
                "replicate": false,
                "size": "100G",
                "slot": 0,
                "ssd": false,
                "storage": "pool",
                "type": "scsi",
                "volume": "pool:vm-102-disk-0"
              }
            ],
            "disk_gb": 0,
            "force_create": false,
            "force_recreate_on_change_of": null,
            "full_clone": true,
            "hastate": "",
            "hotplug": "network,disk,usb",
            "id": "thor/qemu/102",
            "ipconfig0": "ip=dhcp",
            "ipconfig1": "",
            "ipconfig2": "",
            "iso": null,
            "kvm": true,
            "mac": "",
            "memory": 4096,
            "name": "docker-thor",
            "nameserver": "",
            "network": [
              {
                "bridge": "vmbr0",
                "firewall": false,
                "link_down": false,
                "macaddr": "6A:35:9D:E2:13:00",
                "model": "virtio",
                "queues": 0,
                "rate": 0,
                "tag": -1
              }
            ],
            "nic": "",
            "numa": false,
            "onboot": true,
            "os_network_config": null,
            "os_type": "cloud-init",
            "pool": "",
            "preprovision": true,
            "qemu_os": "other",
            "scsihw": "virtio-scsi-pci",
            "searchdomain": "",
            "serial": [],
            "sockets": 1,
            "ssh_forward_ip": null,
            "ssh_host": "",
            "ssh_port": "22",
            "ssh_private_key": null,
            "ssh_user": null,
            "sshkeys": "    ssh-rsa AAAAB3NzaC1yc2EAAAADAQABAAACAQCcPfgyf9Q+yhR2hATV/RA2ukL6WbfV8ys/Lij8BLCL+HfaosjbI5NVLHaqoiDL9P4Am5pnlyj5s0GfsaX/OeHQwe6YhC1bkgpJSEI+gRdoGtzK3YlPBIV+QvK5fQRLCu4ADz6VxcpAIC/PxBa4mkaj5M/uO6veicXgyXJVewo+XR6Z1QXAdR12agt44GENcUVC+/RGShhAkJ6YBylZ34tk0ZtKmFMslxMB6+xF8J+t+vKr7yrg8Vha/J0gR/Feu4qDUBCcAU/PgTdU40vCvdmlFJ/8Yb4UuSa5aNeS0eeSo8mXBjYH62iNSvSwm9plE0nDZuqPMscjA8OAZgg/Klnco2Ky6bmDzr7fe4zL6vsh3LlgwCsQe3mE2e1lD7pvamprv0YCHUz1aaUzfvrD6hiuygb6BrCYJI+FEgDb7zB0G7y53uu04t4K7HSckfDHiyAoUKaiSiFXwgdpKxjDq9Tl/E1YowJk0JCVk6pwDRhIRaY66qnKzxCWBmpZdH9NZOOvcKw4rB8c0GdeXEcfXw47Uhv9ClM2cMu2bJAOmyAJpS7PpwXZMc63SNL8Q/ewK7D29HanX/E/2boYW6hpP4L2N7+cziIUnzh6apbnpEt/XtxFfDaBZh1rwBOpZKkLAnC99e8UEqfEFXvZvfy9dS3oLJ1KCauVVR5knh8ry0E8jQ==\n\n",
            "storage": "",
            "storage_type": "",
            "target_node": "thor",
            "unused_disk": [],
            "vcpus": 0,
            "vga": [],
            "vlan": -1,
            "vmid": null
          },
          "sensitive_attributes": [
            [
              {
                "type": "get_attr",
                "value": "sshkeys"
              }
            ],
            [
              {
                "type": "get_attr",
                "value": "cipassword"
              }
            ]
          ],
          "private": "bnVsbA=="
        }
      ]
    }
  ]
}
