{
  "version": 4,
  "terraform_version": "0.14.2",
  "serial": 3,
  "lineage": "4a670fbb-5397-c7b9-28c4-09bf13d09cdb",
  "outputs": {},
  "resources": [
    {
      "mode": "managed",
      "type": "proxmox_lxc",
      "name": "service-keycloak",
      "provider": "provider[\"registry.terraform.io/telmate/proxmox\"]",
      "instances": [
        {
          "schema_version": 0,
          "attributes": {
            "arch": "amd64",
            "bwlimit": 0,
            "cmode": "tty",
            "console": true,
            "cores": 0,
            "cpulimit": 0,
            "cpuunits": 1024,
            "description": "",
            "features": [
              {
                "fuse": null,
                "keyctl": null,
                "mount": "",
                "nesting": true
              }
            ],
            "force": false,
            "hookscript": "",
            "hostname": "service-keycloak",
            "id": "hulk/lxc/100",
            "ignore_unpack_errors": false,
            "lock": "",
            "memory": 1024,
            "mountpoint": [],
            "nameserver": "",
            "network": [
              {
                "bridge": "vmbr0",
                "firewall": false,
                "gw": "",
                "gw6": "",
                "hwaddr": "C6:4A:1F:85:14:49",
                "ip": "dhcp",
                "ip6": "dhcp",
                "mtu": "",
                "name": "eno2",
                "rate": 0,
                "tag": 0,
                "trunks": "",
                "type": "veth"
              }
            ],
            "onboot": false,
            "ostemplate": "cephfs:vztmpl/ubuntu-20.04-standard_20.04-1_amd64.tar.gz",
            "ostype": "ubuntu",
            "password": "P@ssw0rd",
            "pool": "",
            "protection": false,
            "restore": false,
            "rootfs": [
              {
                "size": "16G",
                "storage": "pool",
                "volume": "pool:vm-100-disk-0"
              }
            ],
            "searchdomain": "",
            "ssh_public_keys": null,
            "start": false,
            "startup": "",
            "swap": 512,
            "target_node": "hulk",
            "template": false,
            "tty": 2,
            "unique": false,
            "unprivileged": true,
            "unused": null,
            "vmid": 0
          },
          "sensitive_attributes": [
            [
              {
                "type": "get_attr",
                "value": "password"
              }
            ]
          ],
          "private": "bnVsbA=="
        }
      ]
    }
  ]
}
